{
  "name": "node-red-contrib-irender",
  "version": "0.0.1",
  "lockfileVersion": 1,
  "requires": true,
  "dependencies": {
    "logger": {
      "version": "git+https://github.com/peterprib/node-red-contrib-logger.git#f144393078d262e23b51c4c843dbfaa90efa3120",
      "from": "git+https://github.com/peterprib/node-red-contrib-logger.git"
    }
  }
}
